
Microsoft Visual Studio Solution File, Format Version 12.00
# Visual Studio 15
VisualStudioVersion = 15.0.26124.0
MinimumVisualStudioVersion = 15.0.26124.0
Project("{FAE04EC0-301F-11D3-BF4B-00C04F79EFBC}") = "Ketum.Web", "Ketum.Web\Ketum.Web.csproj", "{34CDBBD4-C42C-46DF-AB80-2A28949E7601}"
EndProject
Project("{FAE04EC0-301F-11D3-BF4B-00C04F79EFBC}") = "Ketum.Entity", "Ketum.Entity\Ketum.Entity.csproj", "{4A88A150-BFD2-4957-8AA1-0865D90B09A0}"
EndProject
Global
	GlobalSection(SolutionConfigurationPlatforms) = preSolution
		Debug|Any CPU = Debug|Any CPU
		Debug|x64 = Debug|x64
		Debug|x86 = Debug|x86
		Release|Any CPU = Release|Any CPU
		Release|x64 = Release|x64
		Release|x86 = Release|x86
	EndGlobalSection
	GlobalSection(SolutionProperties) = preSolution
		HideSolutionNode = FALSE
	EndGlobalSection
	GlobalSection(ProjectConfigurationPlatforms) = postSolution
		{34CDBBD4-C42C-46DF-AB80-2A28949E7601}.Debug|Any CPU.ActiveCfg = Debug|Any CPU
		{34CDBBD4-C42C-46DF-AB80-2A28949E7601}.Debug|Any CPU.Build.0 = Debug|Any CPU
		{34CDBBD4-C42C-46DF-AB80-2A28949E7601}.Debug|x64.ActiveCfg = Debug|Any CPU
		{34CDBBD4-C42C-46DF-AB80-2A28949E7601}.Debug|x64.Build.0 = Debug|Any CPU
		{34CDBBD4-C42C-46DF-AB80-2A28949E7601}.Debug|x86.ActiveCfg = Debug|Any CPU
		{34CDBBD4-C42C-46DF-AB80-2A28949E7601}.Debug|x86.Build.0 = Debug|Any CPU
		{34CDBBD4-C42C-46DF-AB80-2A28949E7601}.Release|Any CPU.ActiveCfg = Release|Any CPU
		{34CDBBD4-C42C-46DF-AB80-2A28949E7601}.Release|Any CPU.Build.0 = Release|Any CPU
		{34CDBBD4-C42C-46DF-AB80-2A28949E7601}.Release|x64.ActiveCfg = Release|Any CPU
		{34CDBBD4-C42C-46DF-AB80-2A28949E7601}.Release|x64.Build.0 = Release|Any CPU
		{34CDBBD4-C42C-46DF-AB80-2A28949E7601}.Release|x86.ActiveCfg = Release|Any CPU
		{34CDBBD4-C42C-46DF-AB80-2A28949E7601}.Release|x86.Build.0 = Release|Any CPU
		{4A88A150-BFD2-4957-8AA1-0865D90B09A0}.Debug|Any CPU.ActiveCfg = Debug|Any CPU
		{4A88A150-BFD2-4957-8AA1-0865D90B09A0}.Debug|Any CPU.Build.0 = Debug|Any CPU
		{4A88A150-BFD2-4957-8AA1-0865D90B09A0}.Debug|x64.ActiveCfg = Debug|Any CPU
		{4A88A150-BFD2-4957-8AA1-0865D90B09A0}.Debug|x64.Build.0 = Debug|Any CPU
		{4A88A150-BFD2-4957-8AA1-0865D90B09A0}.Debug|x86.ActiveCfg = Debug|Any CPU
		{4A88A150-BFD2-4957-8AA1-0865D90B09A0}.Debug|x86.Build.0 = Debug|Any CPU
		{4A88A150-BFD2-4957-8AA1-0865D90B09A0}.Release|Any CPU.ActiveCfg = Release|Any CPU
		{4A88A150-BFD2-4957-8AA1-0865D90B09A0}.Release|Any CPU.Build.0 = Release|Any CPU
		{4A88A150-BFD2-4957-8AA1-0865D90B09A0}.Release|x64.ActiveCfg = Release|Any CPU
		{4A88A150-BFD2-4957-8AA1-0865D90B09A0}.Release|x64.Build.0 = Release|Any CPU
		{4A88A150-BFD2-4957-8AA1-0865D90B09A0}.Release|x86.ActiveCfg = Release|Any CPU
		{4A88A150-BFD2-4957-8AA1-0865D90B09A0}.Release|x86.Build.0 = Release|Any CPU
	EndGlobalSection
EndGlobal
